
Microsoft Visual Studio Solution File, Format Version 12.00
# Visual Studio 14
VisualStudioVersion = 14.0.22609.0
MinimumVisualStudioVersion = 10.0.40219.1
Project("{FAE04EC0-301F-11D3-BF4B-00C04F79EFBC}") = "Sharpineer", "Sharpineer\Sharpineer.csproj", "{B9E29655-9C5E-46B2-AF74-9C4B9CB817B8}"
EndProject
Project("{2150E333-8FDC-42A3-9474-1A3956D46DE8}") = "Generated", "Generated", "{76085BE9-CD55-415F-8126-1862B27B22B3}"
EndProject
Project("{FAE04EC0-301F-11D3-BF4B-00C04F79EFBC}") = "User32Dll", "User32Dll\User32Dll.csproj", "{55E04BB0-89C7-4A79-9CE3-956DDCBC485C}"
EndProject
Global
	GlobalSection(SolutionConfigurationPlatforms) = preSolution
		Debug|Any CPU = Debug|Any CPU
		Debug|x64 = Debug|x64
		Release|Any CPU = Release|Any CPU
		Release|x64 = Release|x64
	EndGlobalSection
	GlobalSection(ProjectConfigurationPlatforms) = postSolution
		{B9E29655-9C5E-46B2-AF74-9C4B9CB817B8}.Debug|Any CPU.ActiveCfg = Debug|Any CPU
		{B9E29655-9C5E-46B2-AF74-9C4B9CB817B8}.Debug|Any CPU.Build.0 = Debug|Any CPU
		{B9E29655-9C5E-46B2-AF74-9C4B9CB817B8}.Debug|x64.ActiveCfg = Debug|x64
		{B9E29655-9C5E-46B2-AF74-9C4B9CB817B8}.Debug|x64.Build.0 = Debug|x64
		{B9E29655-9C5E-46B2-AF74-9C4B9CB817B8}.Release|Any CPU.ActiveCfg = Release|Any CPU
		{B9E29655-9C5E-46B2-AF74-9C4B9CB817B8}.Release|Any CPU.Build.0 = Release|Any CPU
		{B9E29655-9C5E-46B2-AF74-9C4B9CB817B8}.Release|x64.ActiveCfg = Release|x64
		{B9E29655-9C5E-46B2-AF74-9C4B9CB817B8}.Release|x64.Build.0 = Release|x64
		{55E04BB0-89C7-4A79-9CE3-956DDCBC485C}.Debug|Any CPU.ActiveCfg = Debug|Any CPU
		{55E04BB0-89C7-4A79-9CE3-956DDCBC485C}.Debug|Any CPU.Build.0 = Debug|Any CPU
		{55E04BB0-89C7-4A79-9CE3-956DDCBC485C}.Debug|x64.ActiveCfg = Debug|Any CPU
		{55E04BB0-89C7-4A79-9CE3-956DDCBC485C}.Debug|x64.Build.0 = Debug|Any CPU
		{55E04BB0-89C7-4A79-9CE3-956DDCBC485C}.Release|Any CPU.ActiveCfg = Release|Any CPU
		{55E04BB0-89C7-4A79-9CE3-956DDCBC485C}.Release|Any CPU.Build.0 = Release|Any CPU
		{55E04BB0-89C7-4A79-9CE3-956DDCBC485C}.Release|x64.ActiveCfg = Release|Any CPU
		{55E04BB0-89C7-4A79-9CE3-956DDCBC485C}.Release|x64.Build.0 = Release|Any CPU
	EndGlobalSection
	GlobalSection(SolutionProperties) = preSolution
		HideSolutionNode = FALSE
	EndGlobalSection
	GlobalSection(NestedProjects) = preSolution
		{55E04BB0-89C7-4A79-9CE3-956DDCBC485C} = {76085BE9-CD55-415F-8126-1862B27B22B3}
	EndGlobalSection
EndGlobal
